// !$*UTF8*$!
{
	archiveVersion = 1;
	classes = {
	};
	objectVersion = 56;
	objects = {

/* Begin PBXBuildFile section */
		821BDF802B8A6272006B7E6A /* Contact.swift in Sources */ = {isa = PBXBuildFile; fileRef = 821BDF7F2B8A6272006B7E6A /* Contact.swift */; };
		821BDF832B8A6356006B7E6A /* ContactTableViewCell.swift in Sources */ = {isa = PBXBuildFile; fileRef = 821BDF812B8A6356006B7E6A /* ContactTableViewCell.swift */; };
		821BDF842B8A6356006B7E6A /* ContactTableViewCell.xib in Resources */ = {isa = PBXBuildFile; fileRef = 821BDF822B8A6356006B7E6A /* ContactTableViewCell.xib */; };
		821BDF872B8A7574006B7E6A /* Alamofire in Frameworks */ = {isa = PBXBuildFile; productRef = 821BDF862B8A7574006B7E6A /* Alamofire */; };
		821BDF8A2B8A75E9006B7E6A /* JGProgressHUD in Frameworks */ = {isa = PBXBuildFile; productRef = 821BDF892B8A75E9006B7E6A /* JGProgressHUD */; };
		8277B68E2B8B3CB700C8FE16 /* Network.swift in Sources */ = {isa = PBXBuildFile; fileRef = 8277B68D2B8B3CB700C8FE16 /* Network.swift */; };
		827A0CF12B8F842600FBA94E /* HomeRouting.swift in Sources */ = {isa = PBXBuildFile; fileRef = 827A0CF02B8F842600FBA94E /* HomeRouting.swift */; };
		827A0CF32B8F843400FBA94E /* HomePresenter.swift in Sources */ = {isa = PBXBuildFile; fileRef = 827A0CF22B8F843400FBA94E /* HomePresenter.swift */; };
		827A0CF52B8F844700FBA94E /* HomeInterecter.swift in Sources */ = {isa = PBXBuildFile; fileRef = 827A0CF42B8F844700FBA94E /* HomeInterecter.swift */; };
		827A0CF72B8F845800FBA94E /* AddRouting.swift in Sources */ = {isa = PBXBuildFile; fileRef = 827A0CF62B8F845800FBA94E /* AddRouting.swift */; };
		827A0CF92B8F846300FBA94E /* AddPresenter.swift in Sources */ = {isa = PBXBuildFile; fileRef = 827A0CF82B8F846300FBA94E /* AddPresenter.swift */; };
		827A0CFB2B8F847500FBA94E /* AddInterecter.swift in Sources */ = {isa = PBXBuildFile; fileRef = 827A0CFA2B8F847500FBA94E /* AddInterecter.swift */; };
		827A0CFD2B8F848000FBA94E /* EditRouting.swift in Sources */ = {isa = PBXBuildFile; fileRef = 827A0CFC2B8F848000FBA94E /* EditRouting.swift */; };
		827A0CFF2B8F849300FBA94E /* EditPresenter.swift in Sources */ = {isa = PBXBuildFile; fileRef = 827A0CFE2B8F849300FBA94E /* EditPresenter.swift */; };
		827A0D012B8F849D00FBA94E /* EditInterecter.swift in Sources */ = {isa = PBXBuildFile; fileRef = 827A0D002B8F849D00FBA94E /* EditInterecter.swift */; };
		827A0D032B8F84B500FBA94E /* HttpManager.swift in Sources */ = {isa = PBXBuildFile; fileRef = 827A0D022B8F84B500FBA94E /* HttpManager.swift */; };
		82E6AEB92B8A396D00F547A1 /* AppDelegate.swift in Sources */ = {isa = PBXBuildFile; fileRef = 82E6AEB82B8A396D00F547A1 /* AppDelegate.swift */; };
		82E6AEBB2B8A396D00F547A1 /* SceneDelegate.swift in Sources */ = {isa = PBXBuildFile; fileRef = 82E6AEBA2B8A396D00F547A1 /* SceneDelegate.swift */; };
		82E6AEC02B8A396D00F547A1 /* Main.storyboard in Resources */ = {isa = PBXBuildFile; fileRef = 82E6AEBE2B8A396D00F547A1 /* Main.storyboard */; };
		82E6AEC22B8A397000F547A1 /* Assets.xcassets in Resources */ = {isa = PBXBuildFile; fileRef = 82E6AEC12B8A397000F547A1 /* Assets.xcassets */; };
		82E6AEC52B8A397000F547A1 /* LaunchScreen.storyboard in Resources */ = {isa = PBXBuildFile; fileRef = 82E6AEC32B8A397000F547A1 /* LaunchScreen.storyboard */; };
		82E6AED02B8A39F400F547A1 /* HomeViewController.swift in Sources */ = {isa = PBXBuildFile; fileRef = 82E6AECE2B8A39F400F547A1 /* HomeViewController.swift */; };
		82E6AED12B8A39F400F547A1 /* HomeViewController.xib in Resources */ = {isa = PBXBuildFile; fileRef = 82E6AECF2B8A39F400F547A1 /* HomeViewController.xib */; };
		82E6AED42B8A3A3000F547A1 /* EditViewController.swift in Sources */ = {isa = PBXBuildFile; fileRef = 82E6AED22B8A3A3000F547A1 /* EditViewController.swift */; };
		82E6AED52B8A3A3000F547A1 /* EditViewController.xib in Resources */ = {isa = PBXBuildFile; fileRef = 82E6AED32B8A3A3000F547A1 /* EditViewController.xib */; };
		82E6AED82B8A3A5800F547A1 /* AddViewController.swift in Sources */ = {isa = PBXBuildFile; fileRef = 82E6AED62B8A3A5800F547A1 /* AddViewController.swift */; };
		82E6AED92B8A3A5800F547A1 /* AddViewController.xib in Resources */ = {isa = PBXBuildFile; fileRef = 82E6AED72B8A3A5800F547A1 /* AddViewController.xib */; };
		82E6AEDB2B8A3A6F00F547A1 /* BaseViewController.swift in Sources */ = {isa = PBXBuildFile; fileRef = 82E6AEDA2B8A3A6F00F547A1 /* BaseViewController.swift */; };
/* End PBXBuildFile section */

/* Begin PBXFileReference section */
		821BDF7F2B8A6272006B7E6A /* Contact.swift */ = {isa = PBXFileReference; lastKnownFileType = sourcecode.swift; path = Contact.swift; sourceTree = "<group>"; };
		821BDF812B8A6356006B7E6A /* ContactTableViewCell.swift */ = {isa = PBXFileReference; lastKnownFileType = sourcecode.swift; path = ContactTableViewCell.swift; sourceTree = "<group>"; };
		821BDF822B8A6356006B7E6A /* ContactTableViewCell.xib */ = {isa = PBXFileReference; lastKnownFileType = file.xib; path = ContactTableViewCell.xib; sourceTree = "<group>"; };
		8277B68D2B8B3CB700C8FE16 /* Network.swift */ = {isa = PBXFileReference; lastKnownFileType = sourcecode.swift; path = Network.swift; sourceTree = "<group>"; };
		827A0CF02B8F842600FBA94E /* HomeRouting.swift */ = {isa = PBXFileReference; lastKnownFileType = sourcecode.swift; path = HomeRouting.swift; sourceTree = "<group>"; };
		827A0CF22B8F843400FBA94E /* HomePresenter.swift */ = {isa = PBXFileReference; lastKnownFileType = sourcecode.swift; path = HomePresenter.swift; sourceTree = "<group>"; };
		827A0CF42B8F844700FBA94E /* HomeInterecter.swift */ = {isa = PBXFileReference; lastKnownFileType = sourcecode.swift; path = HomeInterecter.swift; sourceTree = "<group>"; };
		827A0CF62B8F845800FBA94E /* AddRouting.swift */ = {isa = PBXFileReference; lastKnownFileType = sourcecode.swift; path = AddRouting.swift; sourceTree = "<group>"; };
		827A0CF82B8F846300FBA94E /* AddPresenter.swift */ = {isa = PBXFileReference; lastKnownFileType = sourcecode.swift; path = AddPresenter.swift; sourceTree = "<group>"; };
		827A0CFA2B8F847500FBA94E /* AddInterecter.swift */ = {isa = PBXFileReference; lastKnownFileType = sourcecode.swift; path = AddInterecter.swift; sourceTree = "<group>"; };
		827A0CFC2B8F848000FBA94E /* EditRouting.swift */ = {isa = PBXFileReference; lastKnownFileType = sourcecode.swift; path = EditRouting.swift; sourceTree = "<group>"; };
		827A0CFE2B8F849300FBA94E /* EditPresenter.swift */ = {isa = PBXFileReference; lastKnownFileType = sourcecode.swift; path = EditPresenter.swift; sourceTree = "<group>"; };
		827A0D002B8F849D00FBA94E /* EditInterecter.swift */ = {isa = PBXFileReference; lastKnownFileType = sourcecode.swift; path = EditInterecter.swift; sourceTree = "<group>"; };
		827A0D022B8F84B500FBA94E /* HttpManager.swift */ = {isa = PBXFileReference; lastKnownFileType = sourcecode.swift; path = HttpManager.swift; sourceTree = "<group>"; };
		82E6AEB52B8A396D00F547A1 /* ContactApp.app */ = {isa = PBXFileReference; explicitFileType = wrapper.application; includeInIndex = 0; path = ContactApp.app; sourceTree = BUILT_PRODUCTS_DIR; };
		82E6AEB82B8A396D00F547A1 /* AppDelegate.swift */ = {isa = PBXFileReference; lastKnownFileType = sourcecode.swift; path = AppDelegate.swift; sourceTree = "<group>"; };
		82E6AEBA2B8A396D00F547A1 /* SceneDelegate.swift */ = {isa = PBXFileReference; lastKnownFileType = sourcecode.swift; path = SceneDelegate.swift; sourceTree = "<group>"; };
		82E6AEBF2B8A396D00F547A1 /* Base */ = {isa = PBXFileReference; lastKnownFileType = file.storyboard; name = Base; path = Base.lproj/Main.storyboard; sourceTree = "<group>"; };
		82E6AEC12B8A397000F547A1 /* Assets.xcassets */ = {isa = PBXFileReference; lastKnownFileType = folder.assetcatalog; path = Assets.xcassets; sourceTree = "<group>"; };
		82E6AEC42B8A397000F547A1 /* Base */ = {isa = PBXFileReference; lastKnownFileType = file.storyboard; name = Base; path = Base.lproj/LaunchScreen.storyboard; sourceTree = "<group>"; };
		82E6AEC62B8A397000F547A1 /* Info.plist */ = {isa = PBXFileReference; lastKnownFileType = text.plist.xml; path = Info.plist; sourceTree = "<group>"; };
		82E6AECE2B8A39F400F547A1 /* HomeViewController.swift */ = {isa = PBXFileReference; lastKnownFileType = sourcecode.swift; path = HomeViewController.swift; sourceTree = "<group>"; };
		82E6AECF2B8A39F400F547A1 /* HomeViewController.xib */ = {isa = PBXFileReference; lastKnownFileType = file.xib; path = HomeViewController.xib; sourceTree = "<group>"; };
		82E6AED22B8A3A3000F547A1 /* EditViewController.swift */ = {isa = PBXFileReference; lastKnownFileType = sourcecode.swift; path = EditViewController.swift; sourceTree = "<group>"; };
		82E6AED32B8A3A3000F547A1 /* EditViewController.xib */ = {isa = PBXFileReference; lastKnownFileType = file.xib; path = EditViewController.xib; sourceTree = "<group>"; };
		82E6AED62B8A3A5800F547A1 /* AddViewController.swift */ = {isa = PBXFileReference; lastKnownFileType = sourcecode.swift; path = AddViewController.swift; sourceTree = "<group>"; };
		82E6AED72B8A3A5800F547A1 /* AddViewController.xib */ = {isa = PBXFileReference; lastKnownFileType = file.xib; path = AddViewController.xib; sourceTree = "<group>"; };
		82E6AEDA2B8A3A6F00F547A1 /* BaseViewController.swift */ = {isa = PBXFileReference; lastKnownFileType = sourcecode.swift; path = BaseViewController.swift; sourceTree = "<group>"; };
/* End PBXFileReference section */

/* Begin PBXFrameworksBuildPhase section */
		82E6AEB22B8A396D00F547A1 /* Frameworks */ = {
			isa = PBXFrameworksBuildPhase;
			buildActionMask = 2147483647;
			files = (
				821BDF8A2B8A75E9006B7E6A /* JGProgressHUD in Frameworks */,
				821BDF872B8A7574006B7E6A /* Alamofire in Frameworks */,
			);
			runOnlyForDeploymentPostprocessing = 0;
		};
/* End PBXFrameworksBuildPhase section */

/* Begin PBXGroup section */
		8277B68C2B8B3C6700C8FE16 /* Networking */ = {
			isa = PBXGroup;
			children = (
				8277B68D2B8B3CB700C8FE16 /* Network.swift */,
				827A0D022B8F84B500FBA94E /* HttpManager.swift */,
			);
			path = Networking;
			sourceTree = "<group>";
		};
		827A0CED2B8F836500FBA94E /* Home */ = {
			isa = PBXGroup;
			children = (
				82E6AECE2B8A39F400F547A1 /* HomeViewController.swift */,
				82E6AECF2B8A39F400F547A1 /* HomeViewController.xib */,
				827A0CF02B8F842600FBA94E /* HomeRouting.swift */,
				827A0CF22B8F843400FBA94E /* HomePresenter.swift */,
				827A0CF42B8F844700FBA94E /* HomeInterecter.swift */,
			);
			path = Home;
			sourceTree = "<group>";
		};
		827A0CEE2B8F837000FBA94E /* Edit */ = {
			isa = PBXGroup;
			children = (
				82E6AED22B8A3A3000F547A1 /* EditViewController.swift */,
				82E6AED32B8A3A3000F547A1 /* EditViewController.xib */,
				827A0CFC2B8F848000FBA94E /* EditRouting.swift */,
				827A0CFE2B8F849300FBA94E /* EditPresenter.swift */,
				827A0D002B8F849D00FBA94E /* EditInterecter.swift */,
			);
			path = Edit;
			sourceTree = "<group>";
		};
		827A0CEF2B8F837600FBA94E /* Add */ = {
			isa = PBXGroup;
			children = (
				82E6AED62B8A3A5800F547A1 /* AddViewController.swift */,
				82E6AED72B8A3A5800F547A1 /* AddViewController.xib */,
				827A0CF62B8F845800FBA94E /* AddRouting.swift */,
				827A0CF82B8F846300FBA94E /* AddPresenter.swift */,
				827A0CFA2B8F847500FBA94E /* AddInterecter.swift */,
			);
			path = Add;
			sourceTree = "<group>";
		};
		82E6AEAC2B8A396D00F547A1 = {
			isa = PBXGroup;
			children = (
				82E6AEB72B8A396D00F547A1 /* ContactApp */,
				82E6AEB62B8A396D00F547A1 /* Products */,
			);
			sourceTree = "<group>";
		};
		82E6AEB62B8A396D00F547A1 /* Products */ = {
			isa = PBXGroup;
			children = (
				82E6AEB52B8A396D00F547A1 /* ContactApp.app */,
			);
			name = Products;
			sourceTree = "<group>";
		};
		82E6AEB72B8A396D00F547A1 /* ContactApp */ = {
			isa = PBXGroup;
			children = (
				82E6AECD2B8A39CB00F547A1 /* Controllers */,
				82E6AEDC2B8A3AE400F547A1 /* Cells */,
				8277B68C2B8B3C6700C8FE16 /* Networking */,
				82E6AEDD2B8A3AED00F547A1 /* Model */,
				82E6AEB82B8A396D00F547A1 /* AppDelegate.swift */,
				82E6AEBA2B8A396D00F547A1 /* SceneDelegate.swift */,
				82E6AECC2B8A397E00F547A1 /* AppUtils */,
				82E6AEC62B8A397000F547A1 /* Info.plist */,
			);
			path = ContactApp;
			sourceTree = "<group>";
		};
		82E6AECC2B8A397E00F547A1 /* AppUtils */ = {
			isa = PBXGroup;
			children = (
				82E6AEC32B8A397000F547A1 /* LaunchScreen.storyboard */,
				82E6AEC12B8A397000F547A1 /* Assets.xcassets */,
				82E6AEBE2B8A396D00F547A1 /* Main.storyboard */,
			);
			path = AppUtils;
			sourceTree = "<group>";
		};
		82E6AECD2B8A39CB00F547A1 /* Controllers */ = {
			isa = PBXGroup;
			children = (
				82E6AEDA2B8A3A6F00F547A1 /* BaseViewController.swift */,
				827A0CED2B8F836500FBA94E /* Home */,
				827A0CEF2B8F837600FBA94E /* Add */,
				827A0CEE2B8F837000FBA94E /* Edit */,
			);
			path = Controllers;
			sourceTree = "<group>";
		};
		82E6AEDC2B8A3AE400F547A1 /* Cells */ = {
			isa = PBXGroup;
			children = (
				821BDF812B8A6356006B7E6A /* ContactTableViewCell.swift */,
				821BDF822B8A6356006B7E6A /* ContactTableViewCell.xib */,
			);
			path = Cells;
			sourceTree = "<group>";
		};
		82E6AEDD2B8A3AED00F547A1 /* Model */ = {
			isa = PBXGroup;
			children = (
				821BDF7F2B8A6272006B7E6A /* Contact.swift */,
			);
			path = Model;
			sourceTree = "<group>";
		};
/* End PBXGroup section */

/* Begin PBXNativeTarget section */
		82E6AEB42B8A396D00F547A1 /* ContactApp */ = {
			isa = PBXNativeTarget;
			buildConfigurationList = 82E6AEC92B8A397000F547A1 /* Build configuration list for PBXNativeTarget "ContactApp" */;
			buildPhases = (
				82E6AEB12B8A396D00F547A1 /* Sources */,
				82E6AEB22B8A396D00F547A1 /* Frameworks */,
				82E6AEB32B8A396D00F547A1 /* Resources */,
			);
			buildRules = (
			);
			dependencies = (
			);
			name = ContactApp;
			packageProductDependencies = (
				821BDF862B8A7574006B7E6A /* Alamofire */,
				821BDF892B8A75E9006B7E6A /* JGProgressHUD */,
			);
			productName = ContactApp;
			productReference = 82E6AEB52B8A396D00F547A1 /* ContactApp.app */;
			productType = "com.apple.product-type.application";
		};
/* End PBXNativeTarget section */

/* Begin PBXProject section */
		82E6AEAD2B8A396D00F547A1 /* Project object */ = {
			isa = PBXProject;
			attributes = {
				BuildIndependentTargetsInParallel = 1;
				LastSwiftUpdateCheck = 1520;
				LastUpgradeCheck = 1520;
				TargetAttributes = {
					82E6AEB42B8A396D00F547A1 = {
						CreatedOnToolsVersion = 15.2;
					};
				};
			};
			buildConfigurationList = 82E6AEB02B8A396D00F547A1 /* Build configuration list for PBXProject "ContactApp" */;
			compatibilityVersion = "Xcode 14.0";
			developmentRegion = en;
			hasScannedForEncodings = 0;
			knownRegions = (
				en,
				Base,
			);
			mainGroup = 82E6AEAC2B8A396D00F547A1;
			packageReferences = (
				821BDF852B8A7574006B7E6A /* XCRemoteSwiftPackageReference "Alamofire" */,
				821BDF882B8A75E9006B7E6A /* XCRemoteSwiftPackageReference "JGProgressHUD" */,
			);
			productRefGroup = 82E6AEB62B8A396D00F547A1 /* Products */;
			projectDirPath = "";
			projectRoot = "";
			targets = (
				82E6AEB42B8A396D00F547A1 /* ContactApp */,
			);
		};
/* End PBXProject section */

/* Begin PBXResourcesBuildPhase section */
		82E6AEB32B8A396D00F547A1 /* Resources */ = {
			isa = PBXResourcesBuildPhase;
			buildActionMask = 2147483647;
			files = (
				82E6AED92B8A3A5800F547A1 /* AddViewController.xib in Resources */,
				82E6AEC52B8A397000F547A1 /* LaunchScreen.storyboard in Resources */,
				821BDF842B8A6356006B7E6A /* ContactTableViewCell.xib in Resources */,
				82E6AEC22B8A397000F547A1 /* Assets.xcassets in Resources */,
				82E6AED52B8A3A3000F547A1 /* EditViewController.xib in Resources */,
				82E6AEC02B8A396D00F547A1 /* Main.storyboard in Resources */,
				82E6AED12B8A39F400F547A1 /* HomeViewController.xib in Resources */,
			);
			runOnlyForDeploymentPostprocessing = 0;
		};
/* End PBXResourcesBuildPhase section */

/* Begin PBXSourcesBuildPhase section */
		82E6AEB12B8A396D00F547A1 /* Sources */ = {
			isa = PBXSourcesBuildPhase;
			buildActionMask = 2147483647;
			files = (
				827A0D032B8F84B500FBA94E /* HttpManager.swift in Sources */,
				82E6AED82B8A3A5800F547A1 /* AddViewController.swift in Sources */,
				827A0CF52B8F844700FBA94E /* HomeInterecter.swift in Sources */,
				827A0CF72B8F845800FBA94E /* AddRouting.swift in Sources */,
				82E6AED42B8A3A3000F547A1 /* EditViewController.swift in Sources */,
				82E6AEB92B8A396D00F547A1 /* AppDelegate.swift in Sources */,
				827A0CFB2B8F847500FBA94E /* AddInterecter.swift in Sources */,
				82E6AEBB2B8A396D00F547A1 /* SceneDelegate.swift in Sources */,
				821BDF832B8A6356006B7E6A /* ContactTableViewCell.swift in Sources */,
				8277B68E2B8B3CB700C8FE16 /* Network.swift in Sources */,
				82E6AED02B8A39F400F547A1 /* HomeViewController.swift in Sources */,
				827A0D012B8F849D00FBA94E /* EditInterecter.swift in Sources */,
				827A0CFD2B8F848000FBA94E /* EditRouting.swift in Sources */,
				827A0CF12B8F842600FBA94E /* HomeRouting.swift in Sources */,
				821BDF802B8A6272006B7E6A /* Contact.swift in Sources */,
				82E6AEDB2B8A3A6F00F547A1 /* BaseViewController.swift in Sources */,
				827A0CF92B8F846300FBA94E /* AddPresenter.swift in Sources */,
				827A0CFF2B8F849300FBA94E /* EditPresenter.swift in Sources */,
				827A0CF32B8F843400FBA94E /* HomePresenter.swift in Sources */,
			);
			runOnlyForDeploymentPostprocessing = 0;
		};
/* End PBXSourcesBuildPhase section */

/* Begin PBXVariantGroup section */
		82E6AEBE2B8A396D00F547A1 /* Main.storyboard */ = {
			isa = PBXVariantGroup;
			children = (
				82E6AEBF2B8A396D00F547A1 /* Base */,
			);
			name = Main.storyboard;
			sourceTree = "<group>";
		};
		82E6AEC32B8A397000F547A1 /* LaunchScreen.storyboard */ = {
			isa = PBXVariantGroup;
			children = (
				82E6AEC42B8A397000F547A1 /* Base */,
			);
			name = LaunchScreen.storyboard;
			sourceTree = "<group>";
		};
/* End PBXVariantGroup section */

/* Begin XCBuildConfiguration section */
		82E6AEC72B8A397000F547A1 /* Debug */ = {
			isa = XCBuildConfiguration;
			buildSettings = {
				ALWAYS_SEARCH_USER_PATHS = NO;
				ASSETCATALOG_COMPILER_GENERATE_SWIFT_ASSET_SYMBOL_EXTENSIONS = YES;
				CLANG_ANALYZER_NONNULL = YES;
				CLANG_ANALYZER_NUMBER_OBJECT_CONVERSION = YES_AGGRESSIVE;
				CLANG_CXX_LANGUAGE_STANDARD = "gnu++20";
				CLANG_ENABLE_MODULES = YES;
				CLANG_ENABLE_OBJC_ARC = YES;
				CLANG_ENABLE_OBJC_WEAK = YES;
				CLANG_WARN_BLOCK_CAPTURE_AUTORELEASING = YES;
				CLANG_WARN_BOOL_CONVERSION = YES;
				CLANG_WARN_COMMA = YES;
				CLANG_WARN_CONSTANT_CONVERSION = YES;
				CLANG_WARN_DEPRECATED_OBJC_IMPLEMENTATIONS = YES;
				CLANG_WARN_DIRECT_OBJC_ISA_USAGE = YES_ERROR;
				CLANG_WARN_DOCUMENTATION_COMMENTS = YES;
				CLANG_WARN_EMPTY_BODY = YES;
				CLANG_WARN_ENUM_CONVERSION = YES;
				CLANG_WARN_INFINITE_RECURSION = YES;
				CLANG_WARN_INT_CONVERSION = YES;
				CLANG_WARN_NON_LITERAL_NULL_CONVERSION = YES;
				CLANG_WARN_OBJC_IMPLICIT_RETAIN_SELF = YES;
				CLANG_WARN_OBJC_LITERAL_CONVERSION = YES;
				CLANG_WARN_OBJC_ROOT_CLASS = YES_ERROR;
				CLANG_WARN_QUOTED_INCLUDE_IN_FRAMEWORK_HEADER = YES;
				CLANG_WARN_RANGE_LOOP_ANALYSIS = YES;
				CLANG_WARN_STRICT_PROTOTYPES = YES;
				CLANG_WARN_SUSPICIOUS_MOVE = YES;
				CLANG_WARN_UNGUARDED_AVAILABILITY = YES_AGGRESSIVE;
				CLANG_WARN_UNREACHABLE_CODE = YES;
				CLANG_WARN__DUPLICATE_METHOD_MATCH = YES;
				COPY_PHASE_STRIP = NO;
				DEBUG_INFORMATION_FORMAT = dwarf;
				ENABLE_STRICT_OBJC_MSGSEND = YES;
				ENABLE_TESTABILITY = YES;
				ENABLE_USER_SCRIPT_SANDBOXING = YES;
				GCC_C_LANGUAGE_STANDARD = gnu17;
				GCC_DYNAMIC_NO_PIC = NO;
				GCC_NO_COMMON_BLOCKS = YES;
				GCC_OPTIMIZATION_LEVEL = 0;
				GCC_PREPROCESSOR_DEFINITIONS = (
					"DEBUG=1",
					"$(inherited)",
				);
				GCC_WARN_64_TO_32_BIT_CONVERSION = YES;
				GCC_WARN_ABOUT_RETURN_TYPE = YES_ERROR;
				GCC_WARN_UNDECLARED_SELECTOR = YES;
				GCC_WARN_UNINITIALIZED_AUTOS = YES_AGGRESSIVE;
				GCC_WARN_UNUSED_FUNCTION = YES;
				GCC_WARN_UNUSED_VARIABLE = YES;
				IPHONEOS_DEPLOYMENT_TARGET = 17.2;
				LOCALIZATION_PREFERS_STRING_CATALOGS = YES;
				MTL_ENABLE_DEBUG_INFO = INCLUDE_SOURCE;
				MTL_FAST_MATH = YES;
				ONLY_ACTIVE_ARCH = YES;
				SDKROOT = iphoneos;
				SWIFT_ACTIVE_COMPILATION_CONDITIONS = "DEBUG $(inherited)";
				SWIFT_OPTIMIZATION_LEVEL = "-Onone";
			};
			name = Debug;
		};
		82E6AEC82B8A397000F547A1 /* Release */ = {
			isa = XCBuildConfiguration;
			buildSettings = {
				ALWAYS_SEARCH_USER_PATHS = NO;
				ASSETCATALOG_COMPILER_GENERATE_SWIFT_ASSET_SYMBOL_EXTENSIONS = YES;
				CLANG_ANALYZER_NONNULL = YES;
				CLANG_ANALYZER_NUMBER_OBJECT_CONVERSION = YES_AGGRESSIVE;
				CLANG_CXX_LANGUAGE_STANDARD = "gnu++20";
				CLANG_ENABLE_MODULES = YES;
				CLANG_ENABLE_OBJC_ARC = YES;
				CLANG_ENABLE_OBJC_WEAK = YES;
				CLANG_WARN_BLOCK_CAPTURE_AUTORELEASING = YES;
				CLANG_WARN_BOOL_CONVERSION = YES;
				CLANG_WARN_COMMA = YES;
				CLANG_WARN_CONSTANT_CONVERSION = YES;
				CLANG_WARN_DEPRECATED_OBJC_IMPLEMENTATIONS = YES;
				CLANG_WARN_DIRECT_OBJC_ISA_USAGE = YES_ERROR;
				CLANG_WARN_DOCUMENTATION_COMMENTS = YES;
				CLANG_WARN_EMPTY_BODY = YES;
				CLANG_WARN_ENUM_CONVERSION = YES;
				CLANG_WARN_INFINITE_RECURSION = YES;
				CLANG_WARN_INT_CONVERSION = YES;
				CLANG_WARN_NON_LITERAL_NULL_CONVERSION = YES;
				CLANG_WARN_OBJC_IMPLICIT_RETAIN_SELF = YES;
				CLANG_WARN_OBJC_LITERAL_CONVERSION = YES;
				CLANG_WARN_OBJC_ROOT_CLASS = YES_ERROR;
				CLANG_WARN_QUOTED_INCLUDE_IN_FRAMEWORK_HEADER = YES;
				CLANG_WARN_RANGE_LOOP_ANALYSIS = YES;
				CLANG_WARN_STRICT_PROTOTYPES = YES;
				CLANG_WARN_SUSPICIOUS_MOVE = YES;
				CLANG_WARN_UNGUARDED_AVAILABILITY = YES_AGGRESSIVE;
				CLANG_WARN_UNREACHABLE_CODE = YES;
				CLANG_WARN__DUPLICATE_METHOD_MATCH = YES;
				COPY_PHASE_STRIP = NO;
				DEBUG_INFORMATION_FORMAT = "dwarf-with-dsym";
				ENABLE_NS_ASSERTIONS = NO;
				ENABLE_STRICT_OBJC_MSGSEND = YES;
				ENABLE_USER_SCRIPT_SANDBOXING = YES;
				GCC_C_LANGUAGE_STANDARD = gnu17;
				GCC_NO_COMMON_BLOCKS = YES;
				GCC_WARN_64_TO_32_BIT_CONVERSION = YES;
				GCC_WARN_ABOUT_RETURN_TYPE = YES_ERROR;
				GCC_WARN_UNDECLARED_SELECTOR = YES;
				GCC_WARN_UNINITIALIZED_AUTOS = YES_AGGRESSIVE;
				GCC_WARN_UNUSED_FUNCTION = YES;
				GCC_WARN_UNUSED_VARIABLE = YES;
				IPHONEOS_DEPLOYMENT_TARGET = 17.2;
				LOCALIZATION_PREFERS_STRING_CATALOGS = YES;
				MTL_ENABLE_DEBUG_INFO = NO;
				MTL_FAST_MATH = YES;
				SDKROOT = iphoneos;
				SWIFT_COMPILATION_MODE = wholemodule;
				VALIDATE_PRODUCT = YES;
			};
			name = Release;
		};
		82E6AECA2B8A397000F547A1 /* Debug */ = {
			isa = XCBuildConfiguration;
			buildSettings = {
				ASSETCATALOG_COMPILER_APPICON_NAME = AppIcon;
				ASSETCATALOG_COMPILER_GLOBAL_ACCENT_COLOR_NAME = AccentColor;
				CODE_SIGN_STYLE = Automatic;
				CURRENT_PROJECT_VERSION = 1;
				DEVELOPMENT_TEAM = D27FHR29X4;
				GENERATE_INFOPLIST_FILE = YES;
				INFOPLIST_FILE = ContactApp/Info.plist;
				INFOPLIST_KEY_UIApplicationSupportsIndirectInputEvents = YES;
				INFOPLIST_KEY_UILaunchStoryboardName = LaunchScreen;
				INFOPLIST_KEY_UIMainStoryboardFile = Main;
				INFOPLIST_KEY_UISupportedInterfaceOrientations_iPad = "UIInterfaceOrientationPortrait UIInterfaceOrientationPortraitUpsideDown UIInterfaceOrientationLandscapeLeft UIInterfaceOrientationLandscapeRight";
				INFOPLIST_KEY_UISupportedInterfaceOrientations_iPhone = "UIInterfaceOrientationPortrait UIInterfaceOrientationLandscapeLeft UIInterfaceOrientationLandscapeRight";
				LD_RUNPATH_SEARCH_PATHS = (
					"$(inherited)",
					"@executable_path/Frameworks",
				);
				MARKETING_VERSION = 1.0;
				PRODUCT_BUNDLE_IDENTIFIER = Azer.ContactApp;
				PRODUCT_NAME = "$(TARGET_NAME)";
				SWIFT_EMIT_LOC_STRINGS = YES;
				SWIFT_VERSION = 5.0;
				TARGETED_DEVICE_FAMILY = "1,2";
			};
			name = Debug;
		};
		82E6AECB2B8A397000F547A1 /* Release */ = {
			isa = XCBuildConfiguration;
			buildSettings = {
				ASSETCATALOG_COMPILER_APPICON_NAME = AppIcon;
				ASSETCATALOG_COMPILER_GLOBAL_ACCENT_COLOR_NAME = AccentColor;
				CODE_SIGN_STYLE = Automatic;
				CURRENT_PROJECT_VERSION = 1;
				DEVELOPMENT_TEAM = D27FHR29X4;
				GENERATE_INFOPLIST_FILE = YES;
				INFOPLIST_FILE = ContactApp/Info.plist;
				INFOPLIST_KEY_UIApplicationSupportsIndirectInputEvents = YES;
				INFOPLIST_KEY_UILaunchStoryboardName = LaunchScreen;
				INFOPLIST_KEY_UIMainStoryboardFile = Main;
				INFOPLIST_KEY_UISupportedInterfaceOrientations_iPad = "UIInterfaceOrientationPortrait UIInterfaceOrientationPortraitUpsideDown UIInterfaceOrientationLandscapeLeft UIInterfaceOrientationLandscapeRight";
				INFOPLIST_KEY_UISupportedInterfaceOrientations_iPhone = "UIInterfaceOrientationPortrait UIInterfaceOrientationLandscapeLeft UIInterfaceOrientationLandscapeRight";
				LD_RUNPATH_SEARCH_PATHS = (
					"$(inherited)",
					"@executable_path/Frameworks",
				);
				MARKETING_VERSION = 1.0;
				PRODUCT_BUNDLE_IDENTIFIER = Azer.ContactApp;
				PRODUCT_NAME = "$(TARGET_NAME)";
				SWIFT_EMIT_LOC_STRINGS = YES;
				SWIFT_VERSION = 5.0;
				TARGETED_DEVICE_FAMILY = "1,2";
			};
			name = Release;
		};
/* End XCBuildConfiguration section */

/* Begin XCConfigurationList section */
		82E6AEB02B8A396D00F547A1 /* Build configuration list for PBXProject "ContactApp" */ = {
			isa = XCConfigurationList;
			buildConfigurations = (
				82E6AEC72B8A397000F547A1 /* Debug */,
				82E6AEC82B8A397000F547A1 /* Release */,
			);
			defaultConfigurationIsVisible = 0;
			defaultConfigurationName = Release;
		};
		82E6AEC92B8A397000F547A1 /* Build configuration list for PBXNativeTarget "ContactApp" */ = {
			isa = XCConfigurationList;
			buildConfigurations = (
				82E6AECA2B8A397000F547A1 /* Debug */,
				82E6AECB2B8A397000F547A1 /* Release */,
			);
			defaultConfigurationIsVisible = 0;
			defaultConfigurationName = Release;
		};
/* End XCConfigurationList section */

/* Begin XCRemoteSwiftPackageReference section */
		821BDF852B8A7574006B7E6A /* XCRemoteSwiftPackageReference "Alamofire" */ = {
			isa = XCRemoteSwiftPackageReference;
			repositoryURL = "https://github.com/Alamofire/Alamofire";
			requirement = {
				kind = upToNextMajorVersion;
				minimumVersion = 5.8.1;
			};
		};
		821BDF882B8A75E9006B7E6A /* XCRemoteSwiftPackageReference "JGProgressHUD" */ = {
			isa = XCRemoteSwiftPackageReference;
			repositoryURL = "https://github.com/JonasGessner/JGProgressHUD";
			requirement = {
				kind = upToNextMajorVersion;
				minimumVersion = 2.2.0;
			};
		};
/* End XCRemoteSwiftPackageReference section */

/* Begin XCSwiftPackageProductDependency section */
		821BDF862B8A7574006B7E6A /* Alamofire */ = {
			isa = XCSwiftPackageProductDependency;
			package = 821BDF852B8A7574006B7E6A /* XCRemoteSwiftPackageReference "Alamofire" */;
			productName = Alamofire;
		};
		821BDF892B8A75E9006B7E6A /* JGProgressHUD */ = {
			isa = XCSwiftPackageProductDependency;
			package = 821BDF882B8A75E9006B7E6A /* XCRemoteSwiftPackageReference "JGProgressHUD" */;
			productName = JGProgressHUD;
		};
/* End XCSwiftPackageProductDependency section */
	};
	rootObject = 82E6AEAD2B8A396D00F547A1 /* Project object */;
}
